<?xml version="1.0" encoding="utf-8"?>
<Project ToolsVersion="4.0" xmlns="http://schemas.microsoft.com/developer/msbuild/2003">
  <ItemGroup>
    <Filter Include="Source Files">
      <UniqueIdentifier>{4FC737F1-C7A5-4376-A066-2A32D752A2FF}</UniqueIdentifier>
      <Extensions>cpp;c;cc;cxx;c++;cppm;ixx;def;odl;idl;hpj;bat;asm;asmx</Extensions>
    </Filter>
    <Filter Include="Header Files">
      <UniqueIdentifier>{93995380-89BD-4b04-88EB-625FBE52EBFB}</UniqueIdentifier>
      <Extensions>h;hh;hpp;hxx;h++;hm;inl;inc;ipp;xsd</Extensions>
    </Filter>
    <Filter Include="Resource Files">
      <UniqueIdentifier>{67DA6AB6-F800-4c08-8B7A-83BB121AAD01}</UniqueIdentifier>
      <Extensions>rc;ico;cur;bmp;dlg;rc2;rct;bin;rgs;gif;jpg;jpeg;jpe;resx;tiff;tif;png;wav;mfcribbon-ms</Extensions>
    </Filter>
  </ItemGroup>
  <ItemGroup>
    <ClCompile Include="game\src\Game.cpp">
      <Filter>Source Files</Filter>
    </ClCompile>
    <ClCompile Include="game\main.cpp">
      <Filter>Source Files</Filter>
    </ClCompile>
    <ClCompile Include="gse\include\gse\ecs\components\MovableObjectComponent.cpp">
      <Filter>Source Files</Filter>
    </ClCompile>
    <ClCompile Include="gse\src\ecs\components\Component.cpp">
      <Filter>Source Files</Filter>
    </ClCompile>
    <ClCompile Include="gse\src\ecs\entities\Entity.cpp">
      <Filter>Source Files</Filter>
    </ClCompile>
    <ClCompile Include="gse\src\ecs\entities\EntityManager.cpp">
      <Filter>Source Files</Filter>
    </ClCompile>
    <ClCompile Include="gse\src\ecs\systems\AnimationSystem.cpp">
      <Filter>Source Files</Filter>
    </ClCompile>
    <ClCompile Include="gse\src\ecs\systems\CameraSystem.cpp">
      <Filter>Source Files</Filter>
    </ClCompile>
    <ClCompile Include="gse\src\ecs\systems\CollisionSystem.cpp">
      <Filter>Source Files</Filter>
    </ClCompile>
    <ClCompile Include="gse\src\ecs\systems\NPCSystem.cpp">
      <Filter>Source Files</Filter>
    </ClCompile>
    <ClCompile Include="gse\src\ecs\systems\PlayerSystem.cpp">
      <Filter>Source Files</Filter>
    </ClCompile>
    <ClCompile Include="gse\src\ecs\systems\RenderSystem.cpp">
      <Filter>Source Files</Filter>
    </ClCompile>
    <ClCompile Include="gse\src\ecs\systems\System.cpp">
      <Filter>Source Files</Filter>
    </ClCompile>
    <ClCompile Include="gse\src\ecs\systems\SystemManager.cpp">
      <Filter>Source Files</Filter>
    </ClCompile>
    <ClCompile Include="gse\src\ecs\systems\TileEventSystem.cpp">
      <Filter>Source Files</Filter>
    </ClCompile>
    <ClCompile Include="gse\src\ecs\systems\TransformSystem.cpp">
      <Filter>Source Files</Filter>
    </ClCompile>
    <ClCompile Include="gse\src\ecs\Scene.cpp">
      <Filter>Source Files</Filter>
    </ClCompile>
    <ClCompile Include="gse\src\events\PlayerInput.cpp">
      <Filter>Source Files</Filter>
    </ClCompile>
    <ClCompile Include="gse\src\resources\SpriteSheet.cpp">
      <Filter>Source Files</Filter>
    </ClCompile>
    <ClCompile Include="gse\src\utilities\InputFile.cpp">
      <Filter>Source Files</Filter>
    </ClCompile>
    <ClCompile Include="gse\src\utilities\Shapes.cpp">
      <Filter>Source Files</Filter>
    </ClCompile>
  </ItemGroup>
  <ItemGroup>
    <ClInclude Include="game\src\Game.hpp">
      <Filter>Header Files</Filter>
    </ClInclude>
    <ClInclude Include="gse\include\gse\ecs\components\AnimationComponent.hpp">
      <Filter>Header Files</Filter>
    </ClInclude>
    <ClInclude Include="gse\include\gse\ecs\components\CameraComponent.hpp">
      <Filter>Header Files</Filter>
    </ClInclude>
    <ClInclude Include="gse\include\gse\ecs\components\CollisionComponent.hpp">
      <Filter>Header Files</Filter>
    </ClInclude>
    <ClInclude Include="gse\include\gse\ecs\components\Component.hpp">
      <Filter>Header Files</Filter>
    </ClInclude>
    <ClInclude Include="gse\include\gse\ecs\components\ComponentPool.hpp">
      <Filter>Header Files</Filter>
    </ClInclude>
    <ClInclude Include="gse\include\gse\ecs\components\DebugComponent.hpp">
      <Filter>Header Files</Filter>
    </ClInclude>
    <ClInclude Include="gse\include\gse\ecs\components\NPCComponent.hpp">
      <Filter>Header Files</Filter>
    </ClInclude>
    <ClInclude Include="gse\include\gse\ecs\components\PlayerComponent.hpp">
      <Filter>Header Files</Filter>
    </ClInclude>
    <ClInclude Include="gse\include\gse\ecs\components\RenderComponent.hpp">
      <Filter>Header Files</Filter>
    </ClInclude>
    <ClInclude Include="gse\include\gse\ecs\components\SpriteComponent.hpp">
      <Filter>Header Files</Filter>
    </ClInclude>
    <ClInclude Include="gse\include\gse\ecs\components\TileEventComponent.hpp">
      <Filter>Header Files</Filter>
    </ClInclude>
    <ClInclude Include="gse\include\gse\ecs\components\TransformComponent.hpp">
      <Filter>Header Files</Filter>
    </ClInclude>
    <ClInclude Include="gse\include\gse\ecs\components\VelocityComponent.hpp">
      <Filter>Header Files</Filter>
    </ClInclude>
    <ClInclude Include="gse\include\gse\ecs\entities\Entity.hpp">
      <Filter>Header Files</Filter>
    </ClInclude>
    <ClInclude Include="gse\include\gse\ecs\systems\AnimationSystem.hpp">
      <Filter>Header Files</Filter>
    </ClInclude>
    <ClInclude Include="gse\include\gse\ecs\systems\CameraSystem.hpp">
      <Filter>Header Files</Filter>
    </ClInclude>
    <ClInclude Include="gse\include\gse\ecs\systems\CollisionSystem.hpp">
      <Filter>Header Files</Filter>
    </ClInclude>
    <ClInclude Include="gse\include\gse\ecs\systems\NPCSystem.hpp">
      <Filter>Header Files</Filter>
    </ClInclude>
    <ClInclude Include="gse\include\gse\ecs\systems\PlayerSystem.hpp">
      <Filter>Header Files</Filter>
    </ClInclude>
    <ClInclude Include="gse\include\gse\ecs\systems\RenderSystem.hpp">
      <Filter>Header Files</Filter>
    </ClInclude>
    <ClInclude Include="gse\include\gse\ecs\systems\System.hpp">
      <Filter>Header Files</Filter>
    </ClInclude>
    <ClInclude Include="gse\include\gse\ecs\systems\TileEventSystem.hpp">
      <Filter>Header Files</Filter>
    </ClInclude>
    <ClInclude Include="gse\include\gse\ecs\systems\TransformSystem.hpp">
      <Filter>Header Files</Filter>
    </ClInclude>
    <ClInclude Include="gse\include\gse\ecs\Scene.hpp">
      <Filter>Header Files</Filter>
    </ClInclude>
    <ClInclude Include="gse\include\gse\events\Event.hpp">
      <Filter>Header Files</Filter>
    </ClInclude>
    <ClInclude Include="gse\include\gse\events\EventBus.hpp">
      <Filter>Header Files</Filter>
    </ClInclude>
    <ClInclude Include="gse\include\gse\events\PlayerInput.hpp">
      <Filter>Header Files</Filter>
    </ClInclude>
    <ClInclude Include="gse\include\resources\Resource.hpp">
      <Filter>Header Files</Filter>
    </ClInclude>
    <ClInclude Include="gse\include\resources\SpriteSheet.hpp">
      <Filter>Header Files</Filter>
    </ClInclude>
    <ClInclude Include="gse\include\utilities\InputFile.hpp">
      <Filter>Header Files</Filter>
    </ClInclude>
    <ClInclude Include="gse\include\utilities\Shapes.hpp">
      <Filter>Header Files</Filter>
    </ClInclude>
  </ItemGroup>
  <ItemGroup>
    <None Include="gse\include\gse\ecs\entities\Entity.inl">
      <Filter>Header Files</Filter>
    </None>
    <None Include="gse\include\gse\ecs\entities\EntityManager.inl">
      <Filter>Header Files</Filter>
    </None>
    <None Include="gse\include\gse\ecs\systems\System.inl">
      <Filter>Header Files</Filter>
    </None>
    <None Include="gse\include\gse\ecs\systems\SystemManager.inl">
      <Filter>Header Files</Filter>
    </None>
    <None Include="gse\include\gse\ecs\Scene.inl">
      <Filter>Header Files</Filter>
    </None>
    <None Include="gse\include\gse\events\EventBus.inl">
      <Filter>Header Files</Filter>
    </None>
  </ItemGroup>
</Project>